
Microsoft Visual Studio Solution File, Format Version 12.00
# Visual Studio Version 17
VisualStudioVersion = 17.0.31903.59
MinimumVisualStudioVersion = 10.0.40219.1
Project("{FAE04EC0-301F-11D3-BF4B-00C04F79EFBC}") = "ArmDb.SchemaDefinition", "ArmDb.SchemaDefinition\ArmDb.SchemaDefinition.csproj", "{ADB6A2D6-0751-4039-840E-C3624E5F89A6}"
EndProject
Project("{FAE04EC0-301F-11D3-BF4B-00C04F79EFBC}") = "ArmDb.CLI", "ArmDb.CLI\ArmDb.CLI.csproj", "{5F925906-2E55-4E42-B917-C697DC4B60D2}"
EndProject
Project("{FAE04EC0-301F-11D3-BF4B-00C04F79EFBC}") = "ArmDb.Tests", "ArmDb.Tests\ArmDb.Tests.csproj", "{5015DDA0-5520-4901-A2BC-CB558E09DF18}"
EndProject
Project("{FAE04EC0-301F-11D3-BF4B-00C04F79EFBC}") = "ArmDb.DataModel", "ArmDb.DataModel\ArmDb.DataModel.csproj", "{AEA78E40-014E-4AEE-858D-98F3B9A548FB}"
EndProject
Project("{FAE04EC0-301F-11D3-BF4B-00C04F79EFBC}") = "ArmDb.Server", "ArmDb.Server\ArmDb.Server.csproj", "{C876C997-50FF-4693-A6FF-6AECE4FB3A4C}"
EndProject
Project("{FAE04EC0-301F-11D3-BF4B-00C04F79EFBC}") = "ArmDb.StorageEngine", "ArmDb.StorageEngine\ArmDb.StorageEngine.csproj", "{B1402907-2F08-48D2-A7F1-82F547A9F945}"
EndProject
Project("{FAE04EC0-301F-11D3-BF4B-00C04F79EFBC}") = "ArmDb.Common.Utils", "ArmDb.Common.Utils\ArmDb.Common.Utils.csproj", "{8FB9FF20-A326-48C0-AB31-AA32B276159A}"
EndProject
Global
	GlobalSection(SolutionConfigurationPlatforms) = preSolution
		Debug|Any CPU = Debug|Any CPU
		Debug|x64 = Debug|x64
		Debug|x86 = Debug|x86
		Release|Any CPU = Release|Any CPU
		Release|x64 = Release|x64
		Release|x86 = Release|x86
	EndGlobalSection
	GlobalSection(ProjectConfigurationPlatforms) = postSolution
		{ADB6A2D6-0751-4039-840E-C3624E5F89A6}.Debug|Any CPU.ActiveCfg = Debug|Any CPU
		{ADB6A2D6-0751-4039-840E-C3624E5F89A6}.Debug|Any CPU.Build.0 = Debug|Any CPU
		{ADB6A2D6-0751-4039-840E-C3624E5F89A6}.Debug|x64.ActiveCfg = Debug|Any CPU
		{ADB6A2D6-0751-4039-840E-C3624E5F89A6}.Debug|x64.Build.0 = Debug|Any CPU
		{ADB6A2D6-0751-4039-840E-C3624E5F89A6}.Debug|x86.ActiveCfg = Debug|Any CPU
		{ADB6A2D6-0751-4039-840E-C3624E5F89A6}.Debug|x86.Build.0 = Debug|Any CPU
		{ADB6A2D6-0751-4039-840E-C3624E5F89A6}.Release|Any CPU.ActiveCfg = Release|Any CPU
		{ADB6A2D6-0751-4039-840E-C3624E5F89A6}.Release|Any CPU.Build.0 = Release|Any CPU
		{ADB6A2D6-0751-4039-840E-C3624E5F89A6}.Release|x64.ActiveCfg = Release|Any CPU
		{ADB6A2D6-0751-4039-840E-C3624E5F89A6}.Release|x64.Build.0 = Release|Any CPU
		{ADB6A2D6-0751-4039-840E-C3624E5F89A6}.Release|x86.ActiveCfg = Release|Any CPU
		{ADB6A2D6-0751-4039-840E-C3624E5F89A6}.Release|x86.Build.0 = Release|Any CPU
		{5F925906-2E55-4E42-B917-C697DC4B60D2}.Debug|Any CPU.ActiveCfg = Debug|Any CPU
		{5F925906-2E55-4E42-B917-C697DC4B60D2}.Debug|Any CPU.Build.0 = Debug|Any CPU
		{5F925906-2E55-4E42-B917-C697DC4B60D2}.Debug|x64.ActiveCfg = Debug|Any CPU
		{5F925906-2E55-4E42-B917-C697DC4B60D2}.Debug|x64.Build.0 = Debug|Any CPU
		{5F925906-2E55-4E42-B917-C697DC4B60D2}.Debug|x86.ActiveCfg = Debug|Any CPU
		{5F925906-2E55-4E42-B917-C697DC4B60D2}.Debug|x86.Build.0 = Debug|Any CPU
		{5F925906-2E55-4E42-B917-C697DC4B60D2}.Release|Any CPU.ActiveCfg = Release|Any CPU
		{5F925906-2E55-4E42-B917-C697DC4B60D2}.Release|Any CPU.Build.0 = Release|Any CPU
		{5F925906-2E55-4E42-B917-C697DC4B60D2}.Release|x64.ActiveCfg = Release|Any CPU
		{5F925906-2E55-4E42-B917-C697DC4B60D2}.Release|x64.Build.0 = Release|Any CPU
		{5F925906-2E55-4E42-B917-C697DC4B60D2}.Release|x86.ActiveCfg = Release|Any CPU
		{5F925906-2E55-4E42-B917-C697DC4B60D2}.Release|x86.Build.0 = Release|Any CPU
		{5015DDA0-5520-4901-A2BC-CB558E09DF18}.Debug|Any CPU.ActiveCfg = Debug|Any CPU
		{5015DDA0-5520-4901-A2BC-CB558E09DF18}.Debug|Any CPU.Build.0 = Debug|Any CPU
		{5015DDA0-5520-4901-A2BC-CB558E09DF18}.Debug|x64.ActiveCfg = Debug|Any CPU
		{5015DDA0-5520-4901-A2BC-CB558E09DF18}.Debug|x64.Build.0 = Debug|Any CPU
		{5015DDA0-5520-4901-A2BC-CB558E09DF18}.Debug|x86.ActiveCfg = Debug|Any CPU
		{5015DDA0-5520-4901-A2BC-CB558E09DF18}.Debug|x86.Build.0 = Debug|Any CPU
		{5015DDA0-5520-4901-A2BC-CB558E09DF18}.Release|Any CPU.ActiveCfg = Release|Any CPU
		{5015DDA0-5520-4901-A2BC-CB558E09DF18}.Release|Any CPU.Build.0 = Release|Any CPU
		{5015DDA0-5520-4901-A2BC-CB558E09DF18}.Release|x64.ActiveCfg = Release|Any CPU
		{5015DDA0-5520-4901-A2BC-CB558E09DF18}.Release|x64.Build.0 = Release|Any CPU
		{5015DDA0-5520-4901-A2BC-CB558E09DF18}.Release|x86.ActiveCfg = Release|Any CPU
		{5015DDA0-5520-4901-A2BC-CB558E09DF18}.Release|x86.Build.0 = Release|Any CPU
		{AEA78E40-014E-4AEE-858D-98F3B9A548FB}.Debug|Any CPU.ActiveCfg = Debug|Any CPU
		{AEA78E40-014E-4AEE-858D-98F3B9A548FB}.Debug|Any CPU.Build.0 = Debug|Any CPU
		{AEA78E40-014E-4AEE-858D-98F3B9A548FB}.Debug|x64.ActiveCfg = Debug|Any CPU
		{AEA78E40-014E-4AEE-858D-98F3B9A548FB}.Debug|x64.Build.0 = Debug|Any CPU
		{AEA78E40-014E-4AEE-858D-98F3B9A548FB}.Debug|x86.ActiveCfg = Debug|Any CPU
		{AEA78E40-014E-4AEE-858D-98F3B9A548FB}.Debug|x86.Build.0 = Debug|Any CPU
		{AEA78E40-014E-4AEE-858D-98F3B9A548FB}.Release|Any CPU.ActiveCfg = Release|Any CPU
		{AEA78E40-014E-4AEE-858D-98F3B9A548FB}.Release|Any CPU.Build.0 = Release|Any CPU
		{AEA78E40-014E-4AEE-858D-98F3B9A548FB}.Release|x64.ActiveCfg = Release|Any CPU
		{AEA78E40-014E-4AEE-858D-98F3B9A548FB}.Release|x64.Build.0 = Release|Any CPU
		{AEA78E40-014E-4AEE-858D-98F3B9A548FB}.Release|x86.ActiveCfg = Release|Any CPU
		{AEA78E40-014E-4AEE-858D-98F3B9A548FB}.Release|x86.Build.0 = Release|Any CPU
		{C876C997-50FF-4693-A6FF-6AECE4FB3A4C}.Debug|Any CPU.ActiveCfg = Debug|Any CPU
		{C876C997-50FF-4693-A6FF-6AECE4FB3A4C}.Debug|Any CPU.Build.0 = Debug|Any CPU
		{C876C997-50FF-4693-A6FF-6AECE4FB3A4C}.Debug|x64.ActiveCfg = Debug|Any CPU
		{C876C997-50FF-4693-A6FF-6AECE4FB3A4C}.Debug|x64.Build.0 = Debug|Any CPU
		{C876C997-50FF-4693-A6FF-6AECE4FB3A4C}.Debug|x86.ActiveCfg = Debug|Any CPU
		{C876C997-50FF-4693-A6FF-6AECE4FB3A4C}.Debug|x86.Build.0 = Debug|Any CPU
		{C876C997-50FF-4693-A6FF-6AECE4FB3A4C}.Release|Any CPU.ActiveCfg = Release|Any CPU
		{C876C997-50FF-4693-A6FF-6AECE4FB3A4C}.Release|Any CPU.Build.0 = Release|Any CPU
		{C876C997-50FF-4693-A6FF-6AECE4FB3A4C}.Release|x64.ActiveCfg = Release|Any CPU
		{C876C997-50FF-4693-A6FF-6AECE4FB3A4C}.Release|x64.Build.0 = Release|Any CPU
		{C876C997-50FF-4693-A6FF-6AECE4FB3A4C}.Release|x86.ActiveCfg = Release|Any CPU
		{C876C997-50FF-4693-A6FF-6AECE4FB3A4C}.Release|x86.Build.0 = Release|Any CPU
		{B1402907-2F08-48D2-A7F1-82F547A9F945}.Debug|Any CPU.ActiveCfg = Debug|Any CPU
		{B1402907-2F08-48D2-A7F1-82F547A9F945}.Debug|Any CPU.Build.0 = Debug|Any CPU
		{B1402907-2F08-48D2-A7F1-82F547A9F945}.Debug|x64.ActiveCfg = Debug|Any CPU
		{B1402907-2F08-48D2-A7F1-82F547A9F945}.Debug|x64.Build.0 = Debug|Any CPU
		{B1402907-2F08-48D2-A7F1-82F547A9F945}.Debug|x86.ActiveCfg = Debug|Any CPU
		{B1402907-2F08-48D2-A7F1-82F547A9F945}.Debug|x86.Build.0 = Debug|Any CPU
		{B1402907-2F08-48D2-A7F1-82F547A9F945}.Release|Any CPU.ActiveCfg = Release|Any CPU
		{B1402907-2F08-48D2-A7F1-82F547A9F945}.Release|Any CPU.Build.0 = Release|Any CPU
		{B1402907-2F08-48D2-A7F1-82F547A9F945}.Release|x64.ActiveCfg = Release|Any CPU
		{B1402907-2F08-48D2-A7F1-82F547A9F945}.Release|x64.Build.0 = Release|Any CPU
		{B1402907-2F08-48D2-A7F1-82F547A9F945}.Release|x86.ActiveCfg = Release|Any CPU
		{B1402907-2F08-48D2-A7F1-82F547A9F945}.Release|x86.Build.0 = Release|Any CPU
		{8FB9FF20-A326-48C0-AB31-AA32B276159A}.Debug|Any CPU.ActiveCfg = Debug|Any CPU
		{8FB9FF20-A326-48C0-AB31-AA32B276159A}.Debug|Any CPU.Build.0 = Debug|Any CPU
		{8FB9FF20-A326-48C0-AB31-AA32B276159A}.Debug|x64.ActiveCfg = Debug|Any CPU
		{8FB9FF20-A326-48C0-AB31-AA32B276159A}.Debug|x64.Build.0 = Debug|Any CPU
		{8FB9FF20-A326-48C0-AB31-AA32B276159A}.Debug|x86.ActiveCfg = Debug|Any CPU
		{8FB9FF20-A326-48C0-AB31-AA32B276159A}.Debug|x86.Build.0 = Debug|Any CPU
		{8FB9FF20-A326-48C0-AB31-AA32B276159A}.Release|Any CPU.ActiveCfg = Release|Any CPU
		{8FB9FF20-A326-48C0-AB31-AA32B276159A}.Release|Any CPU.Build.0 = Release|Any CPU
		{8FB9FF20-A326-48C0-AB31-AA32B276159A}.Release|x64.ActiveCfg = Release|Any CPU
		{8FB9FF20-A326-48C0-AB31-AA32B276159A}.Release|x64.Build.0 = Release|Any CPU
		{8FB9FF20-A326-48C0-AB31-AA32B276159A}.Release|x86.ActiveCfg = Release|Any CPU
		{8FB9FF20-A326-48C0-AB31-AA32B276159A}.Release|x86.Build.0 = Release|Any CPU
	EndGlobalSection
	GlobalSection(SolutionProperties) = preSolution
		HideSolutionNode = FALSE
	EndGlobalSection
EndGlobal
